# This file is automatically @generated by Cargo.
# It is not intended for manual editing.
version = 4

[[package]]
name = "arm64-exarmo"
version = "0.1.0"
dependencies = [
 "exarmo-aarch64-capi",
]

[[package]]
name = "exarmo-aarch64"
version = "0.1.3"
source = "registry+https://github.com/rust-lang/crates.io-index"
checksum = "12816ab8e85c7c2aa252ed84ccb846a6ca3041fd202cf78c51839acfaae0d8c0"
dependencies = [
 "exarmo-core",
]

[[package]]
name = "exarmo-aarch64-capi"
version = "0.1.3"
source = "registry+https://github.com/rust-lang/crates.io-index"
checksum = "8eed586382f51f6b482333ec0457ebef51c315b7d73362bacdf7fcd36809267f"
dependencies = [
 "exarmo-aarch64",
 "exarmo-core",
]

[[package]]
name = "exarmo-core"
version = "0.1.3"
source = "registry+https://github.com/rust-lang/crates.io-index"
checksum = "57c126632e9a4c0b8fc2bfb5765e32974d58de7ce3ac2fd74e8561380b965fd9"
