# This file is automatically @generated by Cargo.
# It is not intended for manual editing.
version = 4

[[package]]
name = "arm64-exarmo"
version = "0.1.0"
dependencies = [
 "exarmo-aarch64-capi",
]

[[package]]
name = "exarmo-aarch64"
version = "0.3.0"
source = "registry+https://github.com/rust-lang/crates.io-index"
checksum = "5bc29a18904d97c4a63eb2fd2bbf0c18fc3fb9b59f964dd82094e6f4a2996280"
dependencies = [
 "exarmo-core",
]

[[package]]
name = "exarmo-aarch64-capi"
version = "0.3.0"
source = "registry+https://github.com/rust-lang/crates.io-index"
checksum = "3535e91107509ed4135891b30b6c6c058c7b6fb734be09f844e372aec48941a5"
dependencies = [
 "exarmo-aarch64",
 "exarmo-core",
]

[[package]]
name = "exarmo-core"
version = "0.3.0"
source = "registry+https://github.com/rust-lang/crates.io-index"
checksum = "b89d4a877b325cb5f222b373c25297f562d13b2a4617ffa17ea6b6acdbcd6172"
