# This file is automatically @generated by Cargo.
# It is not intended for manual editing.
version = 4

[[package]]
name = "arm64-exarmo"
version = "0.1.0"
dependencies = [
 "exarmo-aarch64-capi",
]

[[package]]
name = "exarmo-aarch64"
version = "0.2.1"
source = "registry+https://github.com/rust-lang/crates.io-index"
checksum = "a9ef159557f010f6cd425a9053c7578084a230937f7d74d7457d00c79438189a"
dependencies = [
 "exarmo-core",
]

[[package]]
name = "exarmo-aarch64-capi"
version = "0.2.1"
source = "registry+https://github.com/rust-lang/crates.io-index"
checksum = "705a7b359cdfdba91f7c24a0b2cf76311ac5d2b23f6dfa7b9a33978ef566bb62"
dependencies = [
 "exarmo-aarch64",
 "exarmo-core",
]

[[package]]
name = "exarmo-core"
version = "0.2.1"
source = "registry+https://github.com/rust-lang/crates.io-index"
checksum = "3848e1a04c30a61cd2e290340c7c720202783e405d86d5edd276804f6fca0005"
